
Microsoft Visual Studio Solution File, Format Version 12.00
# Visual Studio Version 17
VisualStudioVersion = 17.0.31912.275
MinimumVisualStudioVersion = 10.0.40219.1
Project("{FAE04EC0-301F-11D3-BF4B-00C04F79EFBC}") = "Ejercicio-Herencia", "Ejercicio-Herencia\Ejercicio-Herencia.csproj", "{4536060C-D3A6-4742-B35C-2EB91ED98F66}"
EndProject
Global
	GlobalSection(SolutionConfigurationPlatforms) = preSolution
		Debug|Any CPU = Debug|Any CPU
		Release|Any CPU = Release|Any CPU
	EndGlobalSection
	GlobalSection(ProjectConfigurationPlatforms) = postSolution
		{4536060C-D3A6-4742-B35C-2EB91ED98F66}.Debug|Any CPU.ActiveCfg = Debug|Any CPU
		{4536060C-D3A6-4742-B35C-2EB91ED98F66}.Debug|Any CPU.Build.0 = Debug|Any CPU
		{4536060C-D3A6-4742-B35C-2EB91ED98F66}.Release|Any CPU.ActiveCfg = Release|Any CPU
		{4536060C-D3A6-4742-B35C-2EB91ED98F66}.Release|Any CPU.Build.0 = Release|Any CPU
	EndGlobalSection
	GlobalSection(SolutionProperties) = preSolution
		HideSolutionNode = FALSE
	EndGlobalSection
	GlobalSection(ExtensibilityGlobals) = postSolution
		SolutionGuid = {E116D976-89D1-4776-8CDC-A041CEDDEF27}
	EndGlobalSection
EndGlobal
